// !$*UTF8*$!
{
	archiveVersion = 1;
	classes = {
	};
	objectVersion = 56;
	objects = {

/* Begin PBXBuildFile section */
		32F341742A938068008A4F90 /* ObservationLogApp.swift in Sources */ = {isa = PBXBuildFile; fileRef = 32F341732A938068008A4F90 /* ObservationLogApp.swift */; };
		32F341762A938068008A4F90 /* MainCalendarView.swift in Sources */ = {isa = PBXBuildFile; fileRef = 32F341752A938068008A4F90 /* MainCalendarView.swift */; };
		32F341782A938069008A4F90 /* Assets.xcassets in Resources */ = {isa = PBXBuildFile; fileRef = 32F341772A938069008A4F90 /* Assets.xcassets */; };
		32F3417B2A938069008A4F90 /* Preview Assets.xcassets in Resources */ = {isa = PBXBuildFile; fileRef = 32F3417A2A938069008A4F90 /* Preview Assets.xcassets */; };
		32F341852A938069008A4F90 /* ObservationLogTests.swift in Sources */ = {isa = PBXBuildFile; fileRef = 32F341842A938069008A4F90 /* ObservationLogTests.swift */; };
		32F3418F2A938069008A4F90 /* ObservationLogUITests.swift in Sources */ = {isa = PBXBuildFile; fileRef = 32F3418E2A938069008A4F90 /* ObservationLogUITests.swift */; };
		32F341912A938069008A4F90 /* ObservationLogUITestsLaunchTests.swift in Sources */ = {isa = PBXBuildFile; fileRef = 32F341902A938069008A4F90 /* ObservationLogUITestsLaunchTests.swift */; };
		32F3419F2A938562008A4F90 /* ReportView.swift in Sources */ = {isa = PBXBuildFile; fileRef = 32F3419E2A938562008A4F90 /* ReportView.swift */; };
		32F341A12A93878F008A4F90 /* MemoListView.swift in Sources */ = {isa = PBXBuildFile; fileRef = 32F341A02A93878F008A4F90 /* MemoListView.swift */; };
		32F341A32A93879C008A4F90 /* MemoView.swift in Sources */ = {isa = PBXBuildFile; fileRef = 32F341A22A93879C008A4F90 /* MemoView.swift */; };
		32F341A62A938F65008A4F90 /* Log.swift in Sources */ = {isa = PBXBuildFile; fileRef = 32F341A52A938F65008A4F90 /* Log.swift */; };
		32F341A82A939160008A4F90 /* Theme.swift in Sources */ = {isa = PBXBuildFile; fileRef = 32F341A72A939160008A4F90 /* Theme.swift */; };
/* End PBXBuildFile section */

/* Begin PBXContainerItemProxy section */
		32F341812A938069008A4F90 /* PBXContainerItemProxy */ = {
			isa = PBXContainerItemProxy;
			containerPortal = 32F341682A938068008A4F90 /* Project object */;
			proxyType = 1;
			remoteGlobalIDString = 32F3416F2A938068008A4F90;
			remoteInfo = ObservationLog;
		};
		32F3418B2A938069008A4F90 /* PBXContainerItemProxy */ = {
			isa = PBXContainerItemProxy;
			containerPortal = 32F341682A938068008A4F90 /* Project object */;
			proxyType = 1;
			remoteGlobalIDString = 32F3416F2A938068008A4F90;
			remoteInfo = ObservationLog;
		};
/* End PBXContainerItemProxy section */

/* Begin PBXFileReference section */
		32F341702A938068008A4F90 /* ObservationLog.app */ = {isa = PBXFileReference; explicitFileType = wrapper.application; includeInIndex = 0; path = ObservationLog.app; sourceTree = BUILT_PRODUCTS_DIR; };
		32F341732A938068008A4F90 /* ObservationLogApp.swift */ = {isa = PBXFileReference; lastKnownFileType = sourcecode.swift; path = ObservationLogApp.swift; sourceTree = "<group>"; };
		32F341752A938068008A4F90 /* MainCalendarView.swift */ = {isa = PBXFileReference; lastKnownFileType = sourcecode.swift; path = MainCalendarView.swift; sourceTree = "<group>"; };
		32F341772A938069008A4F90 /* Assets.xcassets */ = {isa = PBXFileReference; lastKnownFileType = folder.assetcatalog; path = Assets.xcassets; sourceTree = "<group>"; };
		32F3417A2A938069008A4F90 /* Preview Assets.xcassets */ = {isa = PBXFileReference; lastKnownFileType = folder.assetcatalog; path = "Preview Assets.xcassets"; sourceTree = "<group>"; };
		32F341802A938069008A4F90 /* ObservationLogTests.xctest */ = {isa = PBXFileReference; explicitFileType = wrapper.cfbundle; includeInIndex = 0; path = ObservationLogTests.xctest; sourceTree = BUILT_PRODUCTS_DIR; };
		32F341842A938069008A4F90 /* ObservationLogTests.swift */ = {isa = PBXFileReference; lastKnownFileType = sourcecode.swift; path = ObservationLogTests.swift; sourceTree = "<group>"; };
		32F3418A2A938069008A4F90 /* ObservationLogUITests.xctest */ = {isa = PBXFileReference; explicitFileType = wrapper.cfbundle; includeInIndex = 0; path = ObservationLogUITests.xctest; sourceTree = BUILT_PRODUCTS_DIR; };
		32F3418E2A938069008A4F90 /* ObservationLogUITests.swift */ = {isa = PBXFileReference; lastKnownFileType = sourcecode.swift; path = ObservationLogUITests.swift; sourceTree = "<group>"; };
		32F341902A938069008A4F90 /* ObservationLogUITestsLaunchTests.swift */ = {isa = PBXFileReference; lastKnownFileType = sourcecode.swift; path = ObservationLogUITestsLaunchTests.swift; sourceTree = "<group>"; };
		32F3419E2A938562008A4F90 /* ReportView.swift */ = {isa = PBXFileReference; lastKnownFileType = sourcecode.swift; path = ReportView.swift; sourceTree = "<group>"; };
		32F341A02A93878F008A4F90 /* MemoListView.swift */ = {isa = PBXFileReference; lastKnownFileType = sourcecode.swift; path = MemoListView.swift; sourceTree = "<group>"; };
		32F341A22A93879C008A4F90 /* MemoView.swift */ = {isa = PBXFileReference; lastKnownFileType = sourcecode.swift; path = MemoView.swift; sourceTree = "<group>"; };
		32F341A52A938F65008A4F90 /* Log.swift */ = {isa = PBXFileReference; lastKnownFileType = sourcecode.swift; path = Log.swift; sourceTree = "<group>"; };
		32F341A72A939160008A4F90 /* Theme.swift */ = {isa = PBXFileReference; lastKnownFileType = sourcecode.swift; path = Theme.swift; sourceTree = "<group>"; };
/* End PBXFileReference section */

/* Begin PBXFrameworksBuildPhase section */
		32F3416D2A938068008A4F90 /* Frameworks */ = {
			isa = PBXFrameworksBuildPhase;
			buildActionMask = 2147483647;
			files = (
			);
			runOnlyForDeploymentPostprocessing = 0;
		};
		32F3417D2A938069008A4F90 /* Frameworks */ = {
			isa = PBXFrameworksBuildPhase;
			buildActionMask = 2147483647;
			files = (
			);
			runOnlyForDeploymentPostprocessing = 0;
		};
		32F341872A938069008A4F90 /* Frameworks */ = {
			isa = PBXFrameworksBuildPhase;
			buildActionMask = 2147483647;
			files = (
			);
			runOnlyForDeploymentPostprocessing = 0;
		};
/* End PBXFrameworksBuildPhase section */

/* Begin PBXGroup section */
		32F341672A938068008A4F90 = {
			isa = PBXGroup;
			children = (
				32F341722A938068008A4F90 /* ObservationLog */,
				32F341832A938069008A4F90 /* ObservationLogTests */,
				32F3418D2A938069008A4F90 /* ObservationLogUITests */,
				32F341712A938068008A4F90 /* Products */,
			);
			sourceTree = "<group>";
		};
		32F341712A938068008A4F90 /* Products */ = {
			isa = PBXGroup;
			children = (
				32F341702A938068008A4F90 /* ObservationLog.app */,
				32F341802A938069008A4F90 /* ObservationLogTests.xctest */,
				32F3418A2A938069008A4F90 /* ObservationLogUITests.xctest */,
			);
			name = Products;
			sourceTree = "<group>";
		};
		32F341722A938068008A4F90 /* ObservationLog */ = {
			isa = PBXGroup;
			children = (
				32F341732A938068008A4F90 /* ObservationLogApp.swift */,
				32F3419D2A938506008A4F90 /* Views */,
				32F341772A938069008A4F90 /* Assets.xcassets */,
				32F341792A938069008A4F90 /* Preview Content */,
			);
			path = ObservationLog;
			sourceTree = "<group>";
		};
		32F341792A938069008A4F90 /* Preview Content */ = {
			isa = PBXGroup;
			children = (
				32F3417A2A938069008A4F90 /* Preview Assets.xcassets */,
			);
			path = "Preview Content";
			sourceTree = "<group>";
		};
		32F341832A938069008A4F90 /* ObservationLogTests */ = {
			isa = PBXGroup;
			children = (
				32F341842A938069008A4F90 /* ObservationLogTests.swift */,
			);
			path = ObservationLogTests;
			sourceTree = "<group>";
		};
		32F3418D2A938069008A4F90 /* ObservationLogUITests */ = {
			isa = PBXGroup;
			children = (
				32F3418E2A938069008A4F90 /* ObservationLogUITests.swift */,
				32F341902A938069008A4F90 /* ObservationLogUITestsLaunchTests.swift */,
			);
			path = ObservationLogUITests;
			sourceTree = "<group>";
		};
		32F3419D2A938506008A4F90 /* Views */ = {
			isa = PBXGroup;
			children = (
				32F341752A938068008A4F90 /* MainCalendarView.swift */,
				32F3419E2A938562008A4F90 /* ReportView.swift */,
				32F341A02A93878F008A4F90 /* MemoListView.swift */,
				32F341A22A93879C008A4F90 /* MemoView.swift */,
				32F341A42A938A7F008A4F90 /* Model */,
			);
			path = Views;
			sourceTree = "<group>";
		};
		32F341A42A938A7F008A4F90 /* Model */ = {
			isa = PBXGroup;
			children = (
				32F341A52A938F65008A4F90 /* Log.swift */,
				32F341A72A939160008A4F90 /* Theme.swift */,
			);
			path = Model;
			sourceTree = "<group>";
		};
/* End PBXGroup section */

/* Begin PBXNativeTarget section */
		32F3416F2A938068008A4F90 /* ObservationLog */ = {
			isa = PBXNativeTarget;
			buildConfigurationList = 32F341942A938069008A4F90 /* Build configuration list for PBXNativeTarget "ObservationLog" */;
			buildPhases = (
				32F3416C2A938068008A4F90 /* Sources */,
				32F3416D2A938068008A4F90 /* Frameworks */,
				32F3416E2A938068008A4F90 /* Resources */,
			);
			buildRules = (
			);
			dependencies = (
			);
			name = ObservationLog;
			productName = ObservationLog;
			productReference = 32F341702A938068008A4F90 /* ObservationLog.app */;
			productType = "com.apple.product-type.application";
		};
		32F3417F2A938069008A4F90 /* ObservationLogTests */ = {
			isa = PBXNativeTarget;
			buildConfigurationList = 32F341972A938069008A4F90 /* Build configuration list for PBXNativeTarget "ObservationLogTests" */;
			buildPhases = (
				32F3417C2A938069008A4F90 /* Sources */,
				32F3417D2A938069008A4F90 /* Frameworks */,
				32F3417E2A938069008A4F90 /* Resources */,
			);
			buildRules = (
			);
			dependencies = (
				32F341822A938069008A4F90 /* PBXTargetDependency */,
			);
			name = ObservationLogTests;
			productName = ObservationLogTests;
			productReference = 32F341802A938069008A4F90 /* ObservationLogTests.xctest */;
			productType = "com.apple.product-type.bundle.unit-test";
		};
		32F341892A938069008A4F90 /* ObservationLogUITests */ = {
			isa = PBXNativeTarget;
			buildConfigurationList = 32F3419A2A938069008A4F90 /* Build configuration list for PBXNativeTarget "ObservationLogUITests" */;
			buildPhases = (
				32F341862A938069008A4F90 /* Sources */,
				32F341872A938069008A4F90 /* Frameworks */,
				32F341882A938069008A4F90 /* Resources */,
			);
			buildRules = (
			);
			dependencies = (
				32F3418C2A938069008A4F90 /* PBXTargetDependency */,
			);
			name = ObservationLogUITests;
			productName = ObservationLogUITests;
			productReference = 32F3418A2A938069008A4F90 /* ObservationLogUITests.xctest */;
			productType = "com.apple.product-type.bundle.ui-testing";
		};
/* End PBXNativeTarget section */

/* Begin PBXProject section */
		32F341682A938068008A4F90 /* Project object */ = {
			isa = PBXProject;
			attributes = {
				BuildIndependentTargetsInParallel = 1;
				LastSwiftUpdateCheck = 1420;
				LastUpgradeCheck = 1420;
				TargetAttributes = {
					32F3416F2A938068008A4F90 = {
						CreatedOnToolsVersion = 14.2;
					};
					32F3417F2A938069008A4F90 = {
						CreatedOnToolsVersion = 14.2;
						TestTargetID = 32F3416F2A938068008A4F90;
					};
					32F341892A938069008A4F90 = {
						CreatedOnToolsVersion = 14.2;
						TestTargetID = 32F3416F2A938068008A4F90;
					};
				};
			};
			buildConfigurationList = 32F3416B2A938068008A4F90 /* Build configuration list for PBXProject "ObservationLog" */;
			compatibilityVersion = "Xcode 14.0";
			developmentRegion = en;
			hasScannedForEncodings = 0;
			knownRegions = (
				en,
				Base,
			);
			mainGroup = 32F341672A938068008A4F90;
			productRefGroup = 32F341712A938068008A4F90 /* Products */;
			projectDirPath = "";
			projectRoot = "";
			targets = (
				32F3416F2A938068008A4F90 /* ObservationLog */,
				32F3417F2A938069008A4F90 /* ObservationLogTests */,
				32F341892A938069008A4F90 /* ObservationLogUITests */,
			);
		};
/* End PBXProject section */

/* Begin PBXResourcesBuildPhase section */
		32F3416E2A938068008A4F90 /* Resources */ = {
			isa = PBXResourcesBuildPhase;
			buildActionMask = 2147483647;
			files = (
				32F3417B2A938069008A4F90 /* Preview Assets.xcassets in Resources */,
				32F341782A938069008A4F90 /* Assets.xcassets in Resources */,
			);
			runOnlyForDeploymentPostprocessing = 0;
		};
		32F3417E2A938069008A4F90 /* Resources */ = {
			isa = PBXResourcesBuildPhase;
			buildActionMask = 2147483647;
			files = (
			);
			runOnlyForDeploymentPostprocessing = 0;
		};
		32F341882A938069008A4F90 /* Resources */ = {
			isa = PBXResourcesBuildPhase;
			buildActionMask = 2147483647;
			files = (
			);
			runOnlyForDeploymentPostprocessing = 0;
		};
/* End PBXResourcesBuildPhase section */

/* Begin PBXSourcesBuildPhase section */
		32F3416C2A938068008A4F90 /* Sources */ = {
			isa = PBXSourcesBuildPhase;
			buildActionMask = 2147483647;
			files = (
				32F341A32A93879C008A4F90 /* MemoView.swift in Sources */,
				32F341762A938068008A4F90 /* MainCalendarView.swift in Sources */,
				32F341A62A938F65008A4F90 /* Log.swift in Sources */,
				32F341742A938068008A4F90 /* ObservationLogApp.swift in Sources */,
				32F341A12A93878F008A4F90 /* MemoListView.swift in Sources */,
				32F3419F2A938562008A4F90 /* ReportView.swift in Sources */,
				32F341A82A939160008A4F90 /* Theme.swift in Sources */,
			);
			runOnlyForDeploymentPostprocessing = 0;
		};
		32F3417C2A938069008A4F90 /* Sources */ = {
			isa = PBXSourcesBuildPhase;
			buildActionMask = 2147483647;
			files = (
				32F341852A938069008A4F90 /* ObservationLogTests.swift in Sources */,
			);
			runOnlyForDeploymentPostprocessing = 0;
		};
		32F341862A938069008A4F90 /* Sources */ = {
			isa = PBXSourcesBuildPhase;
			buildActionMask = 2147483647;
			files = (
				32F341912A938069008A4F90 /* ObservationLogUITestsLaunchTests.swift in Sources */,
				32F3418F2A938069008A4F90 /* ObservationLogUITests.swift in Sources */,
			);
			runOnlyForDeploymentPostprocessing = 0;
		};
/* End PBXSourcesBuildPhase section */

/* Begin PBXTargetDependency section */
		32F341822A938069008A4F90 /* PBXTargetDependency */ = {
			isa = PBXTargetDependency;
			target = 32F3416F2A938068008A4F90 /* ObservationLog */;
			targetProxy = 32F341812A938069008A4F90 /* PBXContainerItemProxy */;
		};
		32F3418C2A938069008A4F90 /* PBXTargetDependency */ = {
			isa = PBXTargetDependency;
			target = 32F3416F2A938068008A4F90 /* ObservationLog */;
			targetProxy = 32F3418B2A938069008A4F90 /* PBXContainerItemProxy */;
		};
/* End PBXTargetDependency section */

/* Begin XCBuildConfiguration section */
		32F341922A938069008A4F90 /* Debug */ = {
			isa = XCBuildConfiguration;
			buildSettings = {
				ALWAYS_SEARCH_USER_PATHS = NO;
				CLANG_ANALYZER_NONNULL = YES;
				CLANG_ANALYZER_NUMBER_OBJECT_CONVERSION = YES_AGGRESSIVE;
				CLANG_CXX_LANGUAGE_STANDARD = "gnu++20";
				CLANG_ENABLE_MODULES = YES;
				CLANG_ENABLE_OBJC_ARC = YES;
				CLANG_ENABLE_OBJC_WEAK = YES;
				CLANG_WARN_BLOCK_CAPTURE_AUTORELEASING = YES;
				CLANG_WARN_BOOL_CONVERSION = YES;
				CLANG_WARN_COMMA = YES;
				CLANG_WARN_CONSTANT_CONVERSION = YES;
				CLANG_WARN_DEPRECATED_OBJC_IMPLEMENTATIONS = YES;
				CLANG_WARN_DIRECT_OBJC_ISA_USAGE = YES_ERROR;
				CLANG_WARN_DOCUMENTATION_COMMENTS = YES;
				CLANG_WARN_EMPTY_BODY = YES;
				CLANG_WARN_ENUM_CONVERSION = YES;
				CLANG_WARN_INFINITE_RECURSION = YES;
				CLANG_WARN_INT_CONVERSION = YES;
				CLANG_WARN_NON_LITERAL_NULL_CONVERSION = YES;
				CLANG_WARN_OBJC_IMPLICIT_RETAIN_SELF = YES;
				CLANG_WARN_OBJC_LITERAL_CONVERSION = YES;
				CLANG_WARN_OBJC_ROOT_CLASS = YES_ERROR;
				CLANG_WARN_QUOTED_INCLUDE_IN_FRAMEWORK_HEADER = YES;
				CLANG_WARN_RANGE_LOOP_ANALYSIS = YES;
				CLANG_WARN_STRICT_PROTOTYPES = YES;
				CLANG_WARN_SUSPICIOUS_MOVE = YES;
				CLANG_WARN_UNGUARDED_AVAILABILITY = YES_AGGRESSIVE;
				CLANG_WARN_UNREACHABLE_CODE = YES;
				CLANG_WARN__DUPLICATE_METHOD_MATCH = YES;
				COPY_PHASE_STRIP = NO;
				DEBUG_INFORMATION_FORMAT = dwarf;
				ENABLE_STRICT_OBJC_MSGSEND = YES;
				ENABLE_TESTABILITY = YES;
				GCC_C_LANGUAGE_STANDARD = gnu11;
				GCC_DYNAMIC_NO_PIC = NO;
				GCC_NO_COMMON_BLOCKS = YES;
				GCC_OPTIMIZATION_LEVEL = 0;
				GCC_PREPROCESSOR_DEFINITIONS = (
					"DEBUG=1",
					"$(inherited)",
				);
				GCC_WARN_64_TO_32_BIT_CONVERSION = YES;
				GCC_WARN_ABOUT_RETURN_TYPE = YES_ERROR;
				GCC_WARN_UNDECLARED_SELECTOR = YES;
				GCC_WARN_UNINITIALIZED_AUTOS = YES_AGGRESSIVE;
				GCC_WARN_UNUSED_FUNCTION = YES;
				GCC_WARN_UNUSED_VARIABLE = YES;
				IPHONEOS_DEPLOYMENT_TARGET = 16.2;
				MTL_ENABLE_DEBUG_INFO = INCLUDE_SOURCE;
				MTL_FAST_MATH = YES;
				ONLY_ACTIVE_ARCH = YES;
				SDKROOT = iphoneos;
				SWIFT_ACTIVE_COMPILATION_CONDITIONS = DEBUG;
				SWIFT_OPTIMIZATION_LEVEL = "-Onone";
			};
			name = Debug;
		};
		32F341932A938069008A4F90 /* Release */ = {
			isa = XCBuildConfiguration;
			buildSettings = {
				ALWAYS_SEARCH_USER_PATHS = NO;
				CLANG_ANALYZER_NONNULL = YES;
				CLANG_ANALYZER_NUMBER_OBJECT_CONVERSION = YES_AGGRESSIVE;
				CLANG_CXX_LANGUAGE_STANDARD = "gnu++20";
				CLANG_ENABLE_MODULES = YES;
				CLANG_ENABLE_OBJC_ARC = YES;
				CLANG_ENABLE_OBJC_WEAK = YES;
				CLANG_WARN_BLOCK_CAPTURE_AUTORELEASING = YES;
				CLANG_WARN_BOOL_CONVERSION = YES;
				CLANG_WARN_COMMA = YES;
				CLANG_WARN_CONSTANT_CONVERSION = YES;
				CLANG_WARN_DEPRECATED_OBJC_IMPLEMENTATIONS = YES;
				CLANG_WARN_DIRECT_OBJC_ISA_USAGE = YES_ERROR;
				CLANG_WARN_DOCUMENTATION_COMMENTS = YES;
				CLANG_WARN_EMPTY_BODY = YES;
				CLANG_WARN_ENUM_CONVERSION = YES;
				CLANG_WARN_INFINITE_RECURSION = YES;
				CLANG_WARN_INT_CONVERSION = YES;
				CLANG_WARN_NON_LITERAL_NULL_CONVERSION = YES;
				CLANG_WARN_OBJC_IMPLICIT_RETAIN_SELF = YES;
				CLANG_WARN_OBJC_LITERAL_CONVERSION = YES;
				CLANG_WARN_OBJC_ROOT_CLASS = YES_ERROR;
				CLANG_WARN_QUOTED_INCLUDE_IN_FRAMEWORK_HEADER = YES;
				CLANG_WARN_RANGE_LOOP_ANALYSIS = YES;
				CLANG_WARN_STRICT_PROTOTYPES = YES;
				CLANG_WARN_SUSPICIOUS_MOVE = YES;
				CLANG_WARN_UNGUARDED_AVAILABILITY = YES_AGGRESSIVE;
				CLANG_WARN_UNREACHABLE_CODE = YES;
				CLANG_WARN__DUPLICATE_METHOD_MATCH = YES;
				COPY_PHASE_STRIP = NO;
				DEBUG_INFORMATION_FORMAT = "dwarf-with-dsym";
				ENABLE_NS_ASSERTIONS = NO;
				ENABLE_STRICT_OBJC_MSGSEND = YES;
				GCC_C_LANGUAGE_STANDARD = gnu11;
				GCC_NO_COMMON_BLOCKS = YES;
				GCC_WARN_64_TO_32_BIT_CONVERSION = YES;
				GCC_WARN_ABOUT_RETURN_TYPE = YES_ERROR;
				GCC_WARN_UNDECLARED_SELECTOR = YES;
				GCC_WARN_UNINITIALIZED_AUTOS = YES_AGGRESSIVE;
				GCC_WARN_UNUSED_FUNCTION = YES;
				GCC_WARN_UNUSED_VARIABLE = YES;
				IPHONEOS_DEPLOYMENT_TARGET = 16.2;
				MTL_ENABLE_DEBUG_INFO = NO;
				MTL_FAST_MATH = YES;
				SDKROOT = iphoneos;
				SWIFT_COMPILATION_MODE = wholemodule;
				SWIFT_OPTIMIZATION_LEVEL = "-O";
				VALIDATE_PRODUCT = YES;
			};
			name = Release;
		};
		32F341952A938069008A4F90 /* Debug */ = {
			isa = XCBuildConfiguration;
			buildSettings = {
				ASSETCATALOG_COMPILER_APPICON_NAME = AppIcon;
				ASSETCATALOG_COMPILER_GLOBAL_ACCENT_COLOR_NAME = AccentColor;
				CODE_SIGN_STYLE = Automatic;
				CURRENT_PROJECT_VERSION = 1;
				DEVELOPMENT_ASSET_PATHS = "\"ObservationLog/Preview Content\"";
				DEVELOPMENT_TEAM = T3YJQ6298T;
				ENABLE_PREVIEWS = YES;
				GENERATE_INFOPLIST_FILE = YES;
				INFOPLIST_KEY_UIApplicationSceneManifest_Generation = YES;
				INFOPLIST_KEY_UIApplicationSupportsIndirectInputEvents = YES;
				INFOPLIST_KEY_UILaunchScreen_Generation = YES;
				INFOPLIST_KEY_UISupportedInterfaceOrientations_iPad = "UIInterfaceOrientationPortrait UIInterfaceOrientationPortraitUpsideDown UIInterfaceOrientationLandscapeLeft UIInterfaceOrientationLandscapeRight";
				INFOPLIST_KEY_UISupportedInterfaceOrientations_iPhone = "UIInterfaceOrientationPortrait UIInterfaceOrientationLandscapeLeft UIInterfaceOrientationLandscapeRight";
				LD_RUNPATH_SEARCH_PATHS = (
					"$(inherited)",
					"@executable_path/Frameworks",
				);
				MARKETING_VERSION = 1.0;
				PRODUCT_BUNDLE_IDENTIFIER = "kr.ac.postech.developeracademy-MAX.ObservationLog";
				PRODUCT_NAME = "$(TARGET_NAME)";
				SWIFT_EMIT_LOC_STRINGS = YES;
				SWIFT_VERSION = 5.0;
				TARGETED_DEVICE_FAMILY = "1,2";
			};
			name = Debug;
		};
		32F341962A938069008A4F90 /* Release */ = {
			isa = XCBuildConfiguration;
			buildSettings = {
				ASSETCATALOG_COMPILER_APPICON_NAME = AppIcon;
				ASSETCATALOG_COMPILER_GLOBAL_ACCENT_COLOR_NAME = AccentColor;
				CODE_SIGN_STYLE = Automatic;
				CURRENT_PROJECT_VERSION = 1;
				DEVELOPMENT_ASSET_PATHS = "\"ObservationLog/Preview Content\"";
				DEVELOPMENT_TEAM = T3YJQ6298T;
				ENABLE_PREVIEWS = YES;
				GENERATE_INFOPLIST_FILE = YES;
				INFOPLIST_KEY_UIApplicationSceneManifest_Generation = YES;
				INFOPLIST_KEY_UIApplicationSupportsIndirectInputEvents = YES;
				INFOPLIST_KEY_UILaunchScreen_Generation = YES;
				INFOPLIST_KEY_UISupportedInterfaceOrientations_iPad = "UIInterfaceOrientationPortrait UIInterfaceOrientationPortraitUpsideDown UIInterfaceOrientationLandscapeLeft UIInterfaceOrientationLandscapeRight";
				INFOPLIST_KEY_UISupportedInterfaceOrientations_iPhone = "UIInterfaceOrientationPortrait UIInterfaceOrientationLandscapeLeft UIInterfaceOrientationLandscapeRight";
				LD_RUNPATH_SEARCH_PATHS = (
					"$(inherited)",
					"@executable_path/Frameworks",
				);
				MARKETING_VERSION = 1.0;
				PRODUCT_BUNDLE_IDENTIFIER = "kr.ac.postech.developeracademy-MAX.ObservationLog";
				PRODUCT_NAME = "$(TARGET_NAME)";
				SWIFT_EMIT_LOC_STRINGS = YES;
				SWIFT_VERSION = 5.0;
				TARGETED_DEVICE_FAMILY = "1,2";
			};
			name = Release;
		};
		32F341982A938069008A4F90 /* Debug */ = {
			isa = XCBuildConfiguration;
			buildSettings = {
				ALWAYS_EMBED_SWIFT_STANDARD_LIBRARIES = YES;
				BUNDLE_LOADER = "$(TEST_HOST)";
				CODE_SIGN_STYLE = Automatic;
				CURRENT_PROJECT_VERSION = 1;
				DEVELOPMENT_TEAM = T3YJQ6298T;
				GENERATE_INFOPLIST_FILE = YES;
				IPHONEOS_DEPLOYMENT_TARGET = 16.2;
				MARKETING_VERSION = 1.0;
				PRODUCT_BUNDLE_IDENTIFIER = "kr.ac.postech.developeracademy-MAX.ObservationLogTests";
				PRODUCT_NAME = "$(TARGET_NAME)";
				SWIFT_EMIT_LOC_STRINGS = NO;
				SWIFT_VERSION = 5.0;
				TARGETED_DEVICE_FAMILY = "1,2";
				TEST_HOST = "$(BUILT_PRODUCTS_DIR)/ObservationLog.app/$(BUNDLE_EXECUTABLE_FOLDER_PATH)/ObservationLog";
			};
			name = Debug;
		};
		32F341992A938069008A4F90 /* Release */ = {
			isa = XCBuildConfiguration;
			buildSettings = {
				ALWAYS_EMBED_SWIFT_STANDARD_LIBRARIES = YES;
				BUNDLE_LOADER = "$(TEST_HOST)";
				CODE_SIGN_STYLE = Automatic;
				CURRENT_PROJECT_VERSION = 1;
				DEVELOPMENT_TEAM = T3YJQ6298T;
				GENERATE_INFOPLIST_FILE = YES;
				IPHONEOS_DEPLOYMENT_TARGET = 16.2;
				MARKETING_VERSION = 1.0;
				PRODUCT_BUNDLE_IDENTIFIER = "kr.ac.postech.developeracademy-MAX.ObservationLogTests";
				PRODUCT_NAME = "$(TARGET_NAME)";
				SWIFT_EMIT_LOC_STRINGS = NO;
				SWIFT_VERSION = 5.0;
				TARGETED_DEVICE_FAMILY = "1,2";
				TEST_HOST = "$(BUILT_PRODUCTS_DIR)/ObservationLog.app/$(BUNDLE_EXECUTABLE_FOLDER_PATH)/ObservationLog";
			};
			name = Release;
		};
		32F3419B2A938069008A4F90 /* Debug */ = {
			isa = XCBuildConfiguration;
			buildSettings = {
				ALWAYS_EMBED_SWIFT_STANDARD_LIBRARIES = YES;
				CODE_SIGN_STYLE = Automatic;
				CURRENT_PROJECT_VERSION = 1;
				DEVELOPMENT_TEAM = T3YJQ6298T;
				GENERATE_INFOPLIST_FILE = YES;
				MARKETING_VERSION = 1.0;
				PRODUCT_BUNDLE_IDENTIFIER = "kr.ac.postech.developeracademy-MAX.ObservationLogUITests";
				PRODUCT_NAME = "$(TARGET_NAME)";
				SWIFT_EMIT_LOC_STRINGS = NO;
				SWIFT_VERSION = 5.0;
				TARGETED_DEVICE_FAMILY = "1,2";
				TEST_TARGET_NAME = ObservationLog;
			};
			name = Debug;
		};
		32F3419C2A938069008A4F90 /* Release */ = {
			isa = XCBuildConfiguration;
			buildSettings = {
				ALWAYS_EMBED_SWIFT_STANDARD_LIBRARIES = YES;
				CODE_SIGN_STYLE = Automatic;
				CURRENT_PROJECT_VERSION = 1;
				DEVELOPMENT_TEAM = T3YJQ6298T;
				GENERATE_INFOPLIST_FILE = YES;
				MARKETING_VERSION = 1.0;
				PRODUCT_BUNDLE_IDENTIFIER = "kr.ac.postech.developeracademy-MAX.ObservationLogUITests";
				PRODUCT_NAME = "$(TARGET_NAME)";
				SWIFT_EMIT_LOC_STRINGS = NO;
				SWIFT_VERSION = 5.0;
				TARGETED_DEVICE_FAMILY = "1,2";
				TEST_TARGET_NAME = ObservationLog;
			};
			name = Release;
		};
/* End XCBuildConfiguration section */

/* Begin XCConfigurationList section */
		32F3416B2A938068008A4F90 /* Build configuration list for PBXProject "ObservationLog" */ = {
			isa = XCConfigurationList;
			buildConfigurations = (
				32F341922A938069008A4F90 /* Debug */,
				32F341932A938069008A4F90 /* Release */,
			);
			defaultConfigurationIsVisible = 0;
			defaultConfigurationName = Release;
		};
		32F341942A938069008A4F90 /* Build configuration list for PBXNativeTarget "ObservationLog" */ = {
			isa = XCConfigurationList;
			buildConfigurations = (
				32F341952A938069008A4F90 /* Debug */,
				32F341962A938069008A4F90 /* Release */,
			);
			defaultConfigurationIsVisible = 0;
			defaultConfigurationName = Release;
		};
		32F341972A938069008A4F90 /* Build configuration list for PBXNativeTarget "ObservationLogTests" */ = {
			isa = XCConfigurationList;
			buildConfigurations = (
				32F341982A938069008A4F90 /* Debug */,
				32F341992A938069008A4F90 /* Release */,
			);
			defaultConfigurationIsVisible = 0;
			defaultConfigurationName = Release;
		};
		32F3419A2A938069008A4F90 /* Build configuration list for PBXNativeTarget "ObservationLogUITests" */ = {
			isa = XCConfigurationList;
			buildConfigurations = (
				32F3419B2A938069008A4F90 /* Debug */,
				32F3419C2A938069008A4F90 /* Release */,
			);
			defaultConfigurationIsVisible = 0;
			defaultConfigurationName = Release;
		};
/* End XCConfigurationList section */
	};
	rootObject = 32F341682A938068008A4F90 /* Project object */;
}
